
Microsoft Visual Studio Solution File, Format Version 12.00
# Visual Studio Version 17
VisualStudioVersion = 17.6.33723.286
MinimumVisualStudioVersion = 10.0.40219.1
Project("{9A19103F-16F7-4668-BE54-9A1E7A4F7556}") = "FTD2XX_DotNetWrapper", "FTD2XX_DotNetWrapper\FTD2XX_DotNetWrapper.csproj", "{6F002F35-C557-414B-B1CB-70570CB4E64E}"
EndProject
Global
	GlobalSection(SolutionConfigurationPlatforms) = preSolution
		Debug|Any CPU = Debug|Any CPU
		Release|Any CPU = Release|Any CPU
	EndGlobalSection
	GlobalSection(ProjectConfigurationPlatforms) = postSolution
		{6F002F35-C557-414B-B1CB-70570CB4E64E}.Debug|Any CPU.ActiveCfg = Debug|Any CPU
		{6F002F35-C557-414B-B1CB-70570CB4E64E}.Debug|Any CPU.Build.0 = Debug|Any CPU
		{6F002F35-C557-414B-B1CB-70570CB4E64E}.Release|Any CPU.ActiveCfg = Release|Any CPU
		{6F002F35-C557-414B-B1CB-70570CB4E64E}.Release|Any CPU.Build.0 = Release|Any CPU
	EndGlobalSection
	GlobalSection(SolutionProperties) = preSolution
		HideSolutionNode = FALSE
	EndGlobalSection
	GlobalSection(ExtensibilityGlobals) = postSolution
		SolutionGuid = {59DE96E2-4342-4813-A0C9-96F845C64855}
	EndGlobalSection
EndGlobal
